
Microsoft Visual Studio Solution File, Format Version 12.00
# Visual Studio 15
Project("{FAE04EC0-301F-11D3-BF4B-00C04F79EFBC}") = "Assembly-CSharp", "Assembly-CSharp.csproj", "{DC43660D-D843-C885-4585-7BE05A78AAF9}"
EndProject
Project("{FAE04EC0-301F-11D3-BF4B-00C04F79EFBC}") = "Assembly-CSharp-firstpass", "Assembly-CSharp-firstpass.csproj", "{104073EE-CA52-4FA6-A1F8-BD7F2E233D61}"
EndProject
Project("{FAE04EC0-301F-11D3-BF4B-00C04F79EFBC}") = "Assembly-CSharp-Editor", "Assembly-CSharp-Editor.csproj", "{AAD681BE-9B7B-A602-48C3-5196AC05C483}"
EndProject
Global
	GlobalSection(SolutionConfigurationPlatforms) = preSolution
		Debug|Any CPU = Debug|Any CPU
		Release|Any CPU = Release|Any CPU
	EndGlobalSection
	GlobalSection(ProjectConfigurationPlatforms) = postSolution
		{DC43660D-D843-C885-4585-7BE05A78AAF9}.Debug|Any CPU.ActiveCfg = Debug|Any CPU
		{DC43660D-D843-C885-4585-7BE05A78AAF9}.Debug|Any CPU.Build.0 = Debug|Any CPU
		{DC43660D-D843-C885-4585-7BE05A78AAF9}.Release|Any CPU.ActiveCfg = Release|Any CPU
		{DC43660D-D843-C885-4585-7BE05A78AAF9}.Release|Any CPU.Build.0 = Release|Any CPU
		{104073EE-CA52-4FA6-A1F8-BD7F2E233D61}.Debug|Any CPU.ActiveCfg = Debug|Any CPU
		{104073EE-CA52-4FA6-A1F8-BD7F2E233D61}.Debug|Any CPU.Build.0 = Debug|Any CPU
		{104073EE-CA52-4FA6-A1F8-BD7F2E233D61}.Release|Any CPU.ActiveCfg = Release|Any CPU
		{104073EE-CA52-4FA6-A1F8-BD7F2E233D61}.Release|Any CPU.Build.0 = Release|Any CPU
		{AAD681BE-9B7B-A602-48C3-5196AC05C483}.Debug|Any CPU.ActiveCfg = Debug|Any CPU
		{AAD681BE-9B7B-A602-48C3-5196AC05C483}.Debug|Any CPU.Build.0 = Debug|Any CPU
		{AAD681BE-9B7B-A602-48C3-5196AC05C483}.Release|Any CPU.ActiveCfg = Release|Any CPU
		{AAD681BE-9B7B-A602-48C3-5196AC05C483}.Release|Any CPU.Build.0 = Release|Any CPU
	EndGlobalSection
	GlobalSection(SolutionProperties) = preSolution
		HideSolutionNode = FALSE
	EndGlobalSection
EndGlobal
